
Microsoft Visual Studio Solution File, Format Version 12.00
# Visual Studio Version 16
VisualStudioVersion = 16.0.31105.61
MinimumVisualStudioVersion = 10.0.40219.1
Project("{2150E333-8FDC-42A3-9474-1A3956D46DE8}") = "Services", "Services", "{203C2FD7-FA20-4C16-90C5-D7FE7712CCAE}"
EndProject
Project("{2150E333-8FDC-42A3-9474-1A3956D46DE8}") = "Catalog", "Catalog", "{DC9BAD1A-16FB-45FA-BB34-2B26403E9014}"
EndProject
Project("{FAE04EC0-301F-11D3-BF4B-00C04F79EFBC}") = "Course.Services.Catalog", "Services\Catalog\Course.Services.Catalog\Course.Services.Catalog.csproj", "{14D5D493-9EBF-4B7C-B51A-F00ECCF3EBA6}"
EndProject
Project("{2150E333-8FDC-42A3-9474-1A3956D46DE8}") = "Shared", "Shared", "{0ED9A148-8E82-484B-9129-E7181F73CA17}"
EndProject
Project("{FAE04EC0-301F-11D3-BF4B-00C04F79EFBC}") = "Course.Shared", "Course.Shared\Course.Shared.csproj", "{BD3A5B77-86D4-41A2-8049-95178C2D001F}"
EndProject
Global
	GlobalSection(SolutionConfigurationPlatforms) = preSolution
		Debug|Any CPU = Debug|Any CPU
		Release|Any CPU = Release|Any CPU
	EndGlobalSection
	GlobalSection(ProjectConfigurationPlatforms) = postSolution
		{14D5D493-9EBF-4B7C-B51A-F00ECCF3EBA6}.Debug|Any CPU.ActiveCfg = Debug|Any CPU
		{14D5D493-9EBF-4B7C-B51A-F00ECCF3EBA6}.Debug|Any CPU.Build.0 = Debug|Any CPU
		{14D5D493-9EBF-4B7C-B51A-F00ECCF3EBA6}.Release|Any CPU.ActiveCfg = Release|Any CPU
		{14D5D493-9EBF-4B7C-B51A-F00ECCF3EBA6}.Release|Any CPU.Build.0 = Release|Any CPU
		{BD3A5B77-86D4-41A2-8049-95178C2D001F}.Debug|Any CPU.ActiveCfg = Debug|Any CPU
		{BD3A5B77-86D4-41A2-8049-95178C2D001F}.Debug|Any CPU.Build.0 = Debug|Any CPU
		{BD3A5B77-86D4-41A2-8049-95178C2D001F}.Release|Any CPU.ActiveCfg = Release|Any CPU
		{BD3A5B77-86D4-41A2-8049-95178C2D001F}.Release|Any CPU.Build.0 = Release|Any CPU
	EndGlobalSection
	GlobalSection(SolutionProperties) = preSolution
		HideSolutionNode = FALSE
	EndGlobalSection
	GlobalSection(NestedProjects) = preSolution
		{DC9BAD1A-16FB-45FA-BB34-2B26403E9014} = {203C2FD7-FA20-4C16-90C5-D7FE7712CCAE}
		{14D5D493-9EBF-4B7C-B51A-F00ECCF3EBA6} = {DC9BAD1A-16FB-45FA-BB34-2B26403E9014}
		{BD3A5B77-86D4-41A2-8049-95178C2D001F} = {0ED9A148-8E82-484B-9129-E7181F73CA17}
	EndGlobalSection
	GlobalSection(ExtensibilityGlobals) = postSolution
		SolutionGuid = {4E24407E-89E0-483B-B3A4-04A4298656A1}
	EndGlobalSection
EndGlobal
