
Microsoft Visual Studio Solution File, Format Version 12.00
# Visual Studio Version 16
VisualStudioVersion = 16.0.31105.61
MinimumVisualStudioVersion = 10.0.40219.1
Project("{2150E333-8FDC-42A3-9474-1A3956D46DE8}") = "Services", "Services", "{203C2FD7-FA20-4C16-90C5-D7FE7712CCAE}"
EndProject
Project("{2150E333-8FDC-42A3-9474-1A3956D46DE8}") = "Catalog", "Catalog", "{DC9BAD1A-16FB-45FA-BB34-2B26403E9014}"
EndProject
Project("{9A19103F-16F7-4668-BE54-9A1E7A4F7556}") = "Course.Services.Catalog", "Services\Catalog\Course.Services.Catalog\Course.Services.Catalog.csproj", "{14D5D493-9EBF-4B7C-B51A-F00ECCF3EBA6}"
EndProject
Project("{2150E333-8FDC-42A3-9474-1A3956D46DE8}") = "Shared", "Shared", "{0ED9A148-8E82-484B-9129-E7181F73CA17}"
EndProject
Project("{2150E333-8FDC-42A3-9474-1A3956D46DE8}") = "IdentityServer", "IdentityServer", "{3CC6004D-F943-42EF-A207-2E5DBDF37A1B}"
EndProject
Project("{9A19103F-16F7-4668-BE54-9A1E7A4F7556}") = "Course.IdentityServer", "IdentityServer\Course.IdentityServer\Course.IdentityServer.csproj", "{2AA201BD-B3ED-4969-B23B-FCB68DF53258}"
EndProject
Project("{2150E333-8FDC-42A3-9474-1A3956D46DE8}") = "PhotoStock", "PhotoStock", "{8165C7D2-5832-49CF-B7C4-57037BEF124A}"
EndProject
Project("{9A19103F-16F7-4668-BE54-9A1E7A4F7556}") = "Course.Services.PhotoStock", "Services\PhotoStock\Course.Services.PhotoStock\Course.Services.PhotoStock.csproj", "{0142EB8A-04DD-4309-8F89-C6878A30ACB8}"
EndProject
Project("{9A19103F-16F7-4668-BE54-9A1E7A4F7556}") = "Course.Shared", "Shared\Course.Shared\Course.Shared.csproj", "{FA74B755-5B97-4505-A1A9-795F2BF9DA0C}"
EndProject
Project("{2150E333-8FDC-42A3-9474-1A3956D46DE8}") = "Basket", "Basket", "{C410049F-96D2-4A23-A7B7-9CB133A73EDF}"
EndProject
Project("{9A19103F-16F7-4668-BE54-9A1E7A4F7556}") = "Course.Services.Basket", "Services\Basket\Course.Services.Basket\Course.Services.Basket.csproj", "{BEAF2F2F-2091-4404-9F74-216F4054D0C4}"
EndProject
Project("{2150E333-8FDC-42A3-9474-1A3956D46DE8}") = "Discount", "Discount", "{CE4A80AE-68AF-4878-BCE0-922FADF66995}"
EndProject
Project("{9A19103F-16F7-4668-BE54-9A1E7A4F7556}") = "Course.Services.Discount", "Services\Discount\Course.Services.Discount\Course.Services.Discount.csproj", "{CDB16D79-C4F7-4E01-A6DA-FCCE26366FC6}"
EndProject
Project("{2150E333-8FDC-42A3-9474-1A3956D46DE8}") = "Order", "Order", "{37878EEA-3EEA-4047-9EEE-2DDD1ED913C6}"
EndProject
Project("{FAE04EC0-301F-11D3-BF4B-00C04F79EFBC}") = "Course.Services.Order.API", "Services\Order\Course.Services.Order.API\Course.Services.Order.API.csproj", "{94DCE2E2-B432-46CF-896C-F9D919678CEE}"
EndProject
Project("{FAE04EC0-301F-11D3-BF4B-00C04F79EFBC}") = "Course.Services.Order.Application", "Services\Order\Course.Services.Order.Application\Course.Services.Order.Application.csproj", "{9D6DCACF-A732-4BF4-A07C-48D88A7A87EA}"
EndProject
Project("{FAE04EC0-301F-11D3-BF4B-00C04F79EFBC}") = "Course.Services.Order.Domain", "Services\Order\Course.Services.Order.Domain\Course.Services.Order.Domain.csproj", "{841901A5-D689-450B-B26D-9AD616E74251}"
EndProject
Project("{FAE04EC0-301F-11D3-BF4B-00C04F79EFBC}") = "Course.Services.Order.Domain.Core", "Services\Order\Course.Services.Order.Domain.Core\Course.Services.Order.Domain.Core.csproj", "{00630CBB-FB66-4B1A-A9CE-F8CD2CD1DF6B}"
EndProject
Project("{FAE04EC0-301F-11D3-BF4B-00C04F79EFBC}") = "Course.Services.Order.Instrastructure", "Services\Order\Course.Services.Order.Instrastructure\Course.Services.Order.Instrastructure.csproj", "{2C05A0CC-DB19-4E33-9B71-F314EA0F3F41}"
EndProject
Global
	GlobalSection(SolutionConfigurationPlatforms) = preSolution
		Debug|Any CPU = Debug|Any CPU
		Release|Any CPU = Release|Any CPU
	EndGlobalSection
	GlobalSection(ProjectConfigurationPlatforms) = postSolution
		{14D5D493-9EBF-4B7C-B51A-F00ECCF3EBA6}.Debug|Any CPU.ActiveCfg = Debug|Any CPU
		{14D5D493-9EBF-4B7C-B51A-F00ECCF3EBA6}.Debug|Any CPU.Build.0 = Debug|Any CPU
		{14D5D493-9EBF-4B7C-B51A-F00ECCF3EBA6}.Release|Any CPU.ActiveCfg = Release|Any CPU
		{14D5D493-9EBF-4B7C-B51A-F00ECCF3EBA6}.Release|Any CPU.Build.0 = Release|Any CPU
		{2AA201BD-B3ED-4969-B23B-FCB68DF53258}.Debug|Any CPU.ActiveCfg = Debug|Any CPU
		{2AA201BD-B3ED-4969-B23B-FCB68DF53258}.Debug|Any CPU.Build.0 = Debug|Any CPU
		{2AA201BD-B3ED-4969-B23B-FCB68DF53258}.Release|Any CPU.ActiveCfg = Release|Any CPU
		{2AA201BD-B3ED-4969-B23B-FCB68DF53258}.Release|Any CPU.Build.0 = Release|Any CPU
		{0142EB8A-04DD-4309-8F89-C6878A30ACB8}.Debug|Any CPU.ActiveCfg = Debug|Any CPU
		{0142EB8A-04DD-4309-8F89-C6878A30ACB8}.Debug|Any CPU.Build.0 = Debug|Any CPU
		{0142EB8A-04DD-4309-8F89-C6878A30ACB8}.Release|Any CPU.ActiveCfg = Release|Any CPU
		{0142EB8A-04DD-4309-8F89-C6878A30ACB8}.Release|Any CPU.Build.0 = Release|Any CPU
		{FA74B755-5B97-4505-A1A9-795F2BF9DA0C}.Debug|Any CPU.ActiveCfg = Debug|Any CPU
		{FA74B755-5B97-4505-A1A9-795F2BF9DA0C}.Debug|Any CPU.Build.0 = Debug|Any CPU
		{FA74B755-5B97-4505-A1A9-795F2BF9DA0C}.Release|Any CPU.ActiveCfg = Release|Any CPU
		{FA74B755-5B97-4505-A1A9-795F2BF9DA0C}.Release|Any CPU.Build.0 = Release|Any CPU
		{BEAF2F2F-2091-4404-9F74-216F4054D0C4}.Debug|Any CPU.ActiveCfg = Debug|Any CPU
		{BEAF2F2F-2091-4404-9F74-216F4054D0C4}.Debug|Any CPU.Build.0 = Debug|Any CPU
		{BEAF2F2F-2091-4404-9F74-216F4054D0C4}.Release|Any CPU.ActiveCfg = Release|Any CPU
		{BEAF2F2F-2091-4404-9F74-216F4054D0C4}.Release|Any CPU.Build.0 = Release|Any CPU
		{CDB16D79-C4F7-4E01-A6DA-FCCE26366FC6}.Debug|Any CPU.ActiveCfg = Debug|Any CPU
		{CDB16D79-C4F7-4E01-A6DA-FCCE26366FC6}.Debug|Any CPU.Build.0 = Debug|Any CPU
		{CDB16D79-C4F7-4E01-A6DA-FCCE26366FC6}.Release|Any CPU.ActiveCfg = Release|Any CPU
		{CDB16D79-C4F7-4E01-A6DA-FCCE26366FC6}.Release|Any CPU.Build.0 = Release|Any CPU
		{94DCE2E2-B432-46CF-896C-F9D919678CEE}.Debug|Any CPU.ActiveCfg = Debug|Any CPU
		{94DCE2E2-B432-46CF-896C-F9D919678CEE}.Debug|Any CPU.Build.0 = Debug|Any CPU
		{94DCE2E2-B432-46CF-896C-F9D919678CEE}.Release|Any CPU.ActiveCfg = Release|Any CPU
		{94DCE2E2-B432-46CF-896C-F9D919678CEE}.Release|Any CPU.Build.0 = Release|Any CPU
		{9D6DCACF-A732-4BF4-A07C-48D88A7A87EA}.Debug|Any CPU.ActiveCfg = Debug|Any CPU
		{9D6DCACF-A732-4BF4-A07C-48D88A7A87EA}.Debug|Any CPU.Build.0 = Debug|Any CPU
		{9D6DCACF-A732-4BF4-A07C-48D88A7A87EA}.Release|Any CPU.ActiveCfg = Release|Any CPU
		{9D6DCACF-A732-4BF4-A07C-48D88A7A87EA}.Release|Any CPU.Build.0 = Release|Any CPU
		{841901A5-D689-450B-B26D-9AD616E74251}.Debug|Any CPU.ActiveCfg = Debug|Any CPU
		{841901A5-D689-450B-B26D-9AD616E74251}.Debug|Any CPU.Build.0 = Debug|Any CPU
		{841901A5-D689-450B-B26D-9AD616E74251}.Release|Any CPU.ActiveCfg = Release|Any CPU
		{841901A5-D689-450B-B26D-9AD616E74251}.Release|Any CPU.Build.0 = Release|Any CPU
		{00630CBB-FB66-4B1A-A9CE-F8CD2CD1DF6B}.Debug|Any CPU.ActiveCfg = Debug|Any CPU
		{00630CBB-FB66-4B1A-A9CE-F8CD2CD1DF6B}.Debug|Any CPU.Build.0 = Debug|Any CPU
		{00630CBB-FB66-4B1A-A9CE-F8CD2CD1DF6B}.Release|Any CPU.ActiveCfg = Release|Any CPU
		{00630CBB-FB66-4B1A-A9CE-F8CD2CD1DF6B}.Release|Any CPU.Build.0 = Release|Any CPU
		{2C05A0CC-DB19-4E33-9B71-F314EA0F3F41}.Debug|Any CPU.ActiveCfg = Debug|Any CPU
		{2C05A0CC-DB19-4E33-9B71-F314EA0F3F41}.Debug|Any CPU.Build.0 = Debug|Any CPU
		{2C05A0CC-DB19-4E33-9B71-F314EA0F3F41}.Release|Any CPU.ActiveCfg = Release|Any CPU
		{2C05A0CC-DB19-4E33-9B71-F314EA0F3F41}.Release|Any CPU.Build.0 = Release|Any CPU
	EndGlobalSection
	GlobalSection(SolutionProperties) = preSolution
		HideSolutionNode = FALSE
	EndGlobalSection
	GlobalSection(NestedProjects) = preSolution
		{DC9BAD1A-16FB-45FA-BB34-2B26403E9014} = {203C2FD7-FA20-4C16-90C5-D7FE7712CCAE}
		{14D5D493-9EBF-4B7C-B51A-F00ECCF3EBA6} = {DC9BAD1A-16FB-45FA-BB34-2B26403E9014}
		{2AA201BD-B3ED-4969-B23B-FCB68DF53258} = {3CC6004D-F943-42EF-A207-2E5DBDF37A1B}
		{8165C7D2-5832-49CF-B7C4-57037BEF124A} = {203C2FD7-FA20-4C16-90C5-D7FE7712CCAE}
		{0142EB8A-04DD-4309-8F89-C6878A30ACB8} = {8165C7D2-5832-49CF-B7C4-57037BEF124A}
		{FA74B755-5B97-4505-A1A9-795F2BF9DA0C} = {0ED9A148-8E82-484B-9129-E7181F73CA17}
		{C410049F-96D2-4A23-A7B7-9CB133A73EDF} = {203C2FD7-FA20-4C16-90C5-D7FE7712CCAE}
		{BEAF2F2F-2091-4404-9F74-216F4054D0C4} = {C410049F-96D2-4A23-A7B7-9CB133A73EDF}
		{CE4A80AE-68AF-4878-BCE0-922FADF66995} = {203C2FD7-FA20-4C16-90C5-D7FE7712CCAE}
		{CDB16D79-C4F7-4E01-A6DA-FCCE26366FC6} = {CE4A80AE-68AF-4878-BCE0-922FADF66995}
		{37878EEA-3EEA-4047-9EEE-2DDD1ED913C6} = {203C2FD7-FA20-4C16-90C5-D7FE7712CCAE}
		{94DCE2E2-B432-46CF-896C-F9D919678CEE} = {37878EEA-3EEA-4047-9EEE-2DDD1ED913C6}
		{9D6DCACF-A732-4BF4-A07C-48D88A7A87EA} = {37878EEA-3EEA-4047-9EEE-2DDD1ED913C6}
		{841901A5-D689-450B-B26D-9AD616E74251} = {37878EEA-3EEA-4047-9EEE-2DDD1ED913C6}
		{00630CBB-FB66-4B1A-A9CE-F8CD2CD1DF6B} = {37878EEA-3EEA-4047-9EEE-2DDD1ED913C6}
		{2C05A0CC-DB19-4E33-9B71-F314EA0F3F41} = {37878EEA-3EEA-4047-9EEE-2DDD1ED913C6}
	EndGlobalSection
	GlobalSection(ExtensibilityGlobals) = postSolution
		SolutionGuid = {4E24407E-89E0-483B-B3A4-04A4298656A1}
	EndGlobalSection
EndGlobal
