
Microsoft Visual Studio Solution File, Format Version 12.00
# Visual Studio Version 16
VisualStudioVersion = 16.0.31105.61
MinimumVisualStudioVersion = 10.0.40219.1
Project("{2150E333-8FDC-42A3-9474-1A3956D46DE8}") = "Services", "Services", "{203C2FD7-FA20-4C16-90C5-D7FE7712CCAE}"
EndProject
Project("{2150E333-8FDC-42A3-9474-1A3956D46DE8}") = "Catalog", "Catalog", "{DC9BAD1A-16FB-45FA-BB34-2B26403E9014}"
EndProject
Project("{9A19103F-16F7-4668-BE54-9A1E7A4F7556}") = "Course.Services.Catalog", "Services\Catalog\Course.Services.Catalog\Course.Services.Catalog.csproj", "{14D5D493-9EBF-4B7C-B51A-F00ECCF3EBA6}"
EndProject
Project("{2150E333-8FDC-42A3-9474-1A3956D46DE8}") = "Shared", "Shared", "{0ED9A148-8E82-484B-9129-E7181F73CA17}"
EndProject
Project("{2150E333-8FDC-42A3-9474-1A3956D46DE8}") = "IdentityServer", "IdentityServer", "{3CC6004D-F943-42EF-A207-2E5DBDF37A1B}"
EndProject
Project("{9A19103F-16F7-4668-BE54-9A1E7A4F7556}") = "Course.IdentityServer", "IdentityServer\Course.IdentityServer\Course.IdentityServer.csproj", "{2AA201BD-B3ED-4969-B23B-FCB68DF53258}"
EndProject
Project("{2150E333-8FDC-42A3-9474-1A3956D46DE8}") = "PhotoStock", "PhotoStock", "{8165C7D2-5832-49CF-B7C4-57037BEF124A}"
EndProject
Project("{9A19103F-16F7-4668-BE54-9A1E7A4F7556}") = "Course.Services.PhotoStock", "Services\PhotoStock\Course.Services.PhotoStock\Course.Services.PhotoStock.csproj", "{0142EB8A-04DD-4309-8F89-C6878A30ACB8}"
EndProject
Project("{9A19103F-16F7-4668-BE54-9A1E7A4F7556}") = "Course.Shared", "Shared\Course.Shared\Course.Shared.csproj", "{FA74B755-5B97-4505-A1A9-795F2BF9DA0C}"
EndProject
Global
	GlobalSection(SolutionConfigurationPlatforms) = preSolution
		Debug|Any CPU = Debug|Any CPU
		Release|Any CPU = Release|Any CPU
	EndGlobalSection
	GlobalSection(ProjectConfigurationPlatforms) = postSolution
		{14D5D493-9EBF-4B7C-B51A-F00ECCF3EBA6}.Debug|Any CPU.ActiveCfg = Debug|Any CPU
		{14D5D493-9EBF-4B7C-B51A-F00ECCF3EBA6}.Debug|Any CPU.Build.0 = Debug|Any CPU
		{14D5D493-9EBF-4B7C-B51A-F00ECCF3EBA6}.Release|Any CPU.ActiveCfg = Release|Any CPU
		{14D5D493-9EBF-4B7C-B51A-F00ECCF3EBA6}.Release|Any CPU.Build.0 = Release|Any CPU
		{2AA201BD-B3ED-4969-B23B-FCB68DF53258}.Debug|Any CPU.ActiveCfg = Debug|Any CPU
		{2AA201BD-B3ED-4969-B23B-FCB68DF53258}.Debug|Any CPU.Build.0 = Debug|Any CPU
		{2AA201BD-B3ED-4969-B23B-FCB68DF53258}.Release|Any CPU.ActiveCfg = Release|Any CPU
		{2AA201BD-B3ED-4969-B23B-FCB68DF53258}.Release|Any CPU.Build.0 = Release|Any CPU
		{0142EB8A-04DD-4309-8F89-C6878A30ACB8}.Debug|Any CPU.ActiveCfg = Debug|Any CPU
		{0142EB8A-04DD-4309-8F89-C6878A30ACB8}.Debug|Any CPU.Build.0 = Debug|Any CPU
		{0142EB8A-04DD-4309-8F89-C6878A30ACB8}.Release|Any CPU.ActiveCfg = Release|Any CPU
		{0142EB8A-04DD-4309-8F89-C6878A30ACB8}.Release|Any CPU.Build.0 = Release|Any CPU
		{FA74B755-5B97-4505-A1A9-795F2BF9DA0C}.Debug|Any CPU.ActiveCfg = Debug|Any CPU
		{FA74B755-5B97-4505-A1A9-795F2BF9DA0C}.Debug|Any CPU.Build.0 = Debug|Any CPU
		{FA74B755-5B97-4505-A1A9-795F2BF9DA0C}.Release|Any CPU.ActiveCfg = Release|Any CPU
		{FA74B755-5B97-4505-A1A9-795F2BF9DA0C}.Release|Any CPU.Build.0 = Release|Any CPU
	EndGlobalSection
	GlobalSection(SolutionProperties) = preSolution
		HideSolutionNode = FALSE
	EndGlobalSection
	GlobalSection(NestedProjects) = preSolution
		{DC9BAD1A-16FB-45FA-BB34-2B26403E9014} = {203C2FD7-FA20-4C16-90C5-D7FE7712CCAE}
		{14D5D493-9EBF-4B7C-B51A-F00ECCF3EBA6} = {DC9BAD1A-16FB-45FA-BB34-2B26403E9014}
		{2AA201BD-B3ED-4969-B23B-FCB68DF53258} = {3CC6004D-F943-42EF-A207-2E5DBDF37A1B}
		{8165C7D2-5832-49CF-B7C4-57037BEF124A} = {203C2FD7-FA20-4C16-90C5-D7FE7712CCAE}
		{0142EB8A-04DD-4309-8F89-C6878A30ACB8} = {8165C7D2-5832-49CF-B7C4-57037BEF124A}
		{FA74B755-5B97-4505-A1A9-795F2BF9DA0C} = {0ED9A148-8E82-484B-9129-E7181F73CA17}
	EndGlobalSection
	GlobalSection(ExtensibilityGlobals) = postSolution
		SolutionGuid = {4E24407E-89E0-483B-B3A4-04A4298656A1}
	EndGlobalSection
EndGlobal
